
Microsoft Visual Studio Solution File, Format Version 12.00
# Visual Studio 15
VisualStudioVersion = 15.0.27512.0
MinimumVisualStudioVersion = 10.0.40219.1
Project("{9A19103F-16F7-4668-BE54-9A1E7A4F7556}") = "Teknik", "Teknik\Teknik.csproj", "{1E52F0D0-9E89-4022-A905-C685EF3564E1}"
EndProject
Project("{9A19103F-16F7-4668-BE54-9A1E7A4F7556}") = "Configuration", "Configuration\Configuration.csproj", "{7A1F40CA-7C37-4B7B-973A-CDCDD424F31F}"
EndProject
Project("{9A19103F-16F7-4668-BE54-9A1E7A4F7556}") = "Utilities", "Utilities\Utilities.csproj", "{DD521101-7F10-407A-9788-49283D946FDA}"
EndProject
Project("{9A19103F-16F7-4668-BE54-9A1E7A4F7556}") = "Logging", "Logging\Logging.csproj", "{3CAB11F5-9B07-4D17-BB00-725149087AB0}"
EndProject
Project("{2150E333-8FDC-42A3-9474-1A3956D46DE8}") = "Solution Items", "Solution Items", "{C208CBF0-078E-409D-A433-DC1BC15248CE}"
	ProjectSection(SolutionItems) = preProject
		.editorconfig = .editorconfig
		.gitattributes = .gitattributes
		.gitignore = .gitignore
		global.json = global.json
		README.md = README.md
	EndProjectSection
EndProject
Project("{9A19103F-16F7-4668-BE54-9A1E7A4F7556}") = "Tracking", "Tracking\Tracking.csproj", "{F8823907-092C-4055-9F8E-D6756793C24A}"
EndProject
Project("{9A19103F-16F7-4668-BE54-9A1E7A4F7556}") = "MailService", "MailService\MailService.csproj", "{03636C30-DA61-4307-8934-2FCC3BAC3255}"
EndProject
Project("{9A19103F-16F7-4668-BE54-9A1E7A4F7556}") = "GitService", "GitService\GitService.csproj", "{014879B1-DDD5-4F8C-9597-6D7960912CF0}"
EndProject
Project("{9A19103F-16F7-4668-BE54-9A1E7A4F7556}") = "IdentityServer", "IdentityServer\IdentityServer.csproj", "{5A7625F7-A162-430D-8725-318E2CFA8BDD}"
EndProject
Global
	GlobalSection(SolutionConfigurationPlatforms) = preSolution
		Debug|Any CPU = Debug|Any CPU
		Release|Any CPU = Release|Any CPU
		Test|Any CPU = Test|Any CPU
	EndGlobalSection
	GlobalSection(ProjectConfigurationPlatforms) = postSolution
		{1E52F0D0-9E89-4022-A905-C685EF3564E1}.Debug|Any CPU.ActiveCfg = Debug|Any CPU
		{1E52F0D0-9E89-4022-A905-C685EF3564E1}.Debug|Any CPU.Build.0 = Debug|Any CPU
		{1E52F0D0-9E89-4022-A905-C685EF3564E1}.Release|Any CPU.ActiveCfg = Release|Any CPU
		{1E52F0D0-9E89-4022-A905-C685EF3564E1}.Release|Any CPU.Build.0 = Release|Any CPU
		{1E52F0D0-9E89-4022-A905-C685EF3564E1}.Test|Any CPU.ActiveCfg = Release|Any CPU
		{1E52F0D0-9E89-4022-A905-C685EF3564E1}.Test|Any CPU.Build.0 = Release|Any CPU
		{7A1F40CA-7C37-4B7B-973A-CDCDD424F31F}.Debug|Any CPU.ActiveCfg = Debug|Any CPU
		{7A1F40CA-7C37-4B7B-973A-CDCDD424F31F}.Debug|Any CPU.Build.0 = Debug|Any CPU
		{7A1F40CA-7C37-4B7B-973A-CDCDD424F31F}.Release|Any CPU.ActiveCfg = Release|Any CPU
		{7A1F40CA-7C37-4B7B-973A-CDCDD424F31F}.Release|Any CPU.Build.0 = Release|Any CPU
		{7A1F40CA-7C37-4B7B-973A-CDCDD424F31F}.Test|Any CPU.ActiveCfg = Test|Any CPU
		{7A1F40CA-7C37-4B7B-973A-CDCDD424F31F}.Test|Any CPU.Build.0 = Test|Any CPU
		{DD521101-7F10-407A-9788-49283D946FDA}.Debug|Any CPU.ActiveCfg = Debug|Any CPU
		{DD521101-7F10-407A-9788-49283D946FDA}.Debug|Any CPU.Build.0 = Debug|Any CPU
		{DD521101-7F10-407A-9788-49283D946FDA}.Release|Any CPU.ActiveCfg = Release|Any CPU
		{DD521101-7F10-407A-9788-49283D946FDA}.Release|Any CPU.Build.0 = Release|Any CPU
		{DD521101-7F10-407A-9788-49283D946FDA}.Test|Any CPU.ActiveCfg = Test|Any CPU
		{DD521101-7F10-407A-9788-49283D946FDA}.Test|Any CPU.Build.0 = Test|Any CPU
		{3CAB11F5-9B07-4D17-BB00-725149087AB0}.Debug|Any CPU.ActiveCfg = Debug|Any CPU
		{3CAB11F5-9B07-4D17-BB00-725149087AB0}.Debug|Any CPU.Build.0 = Debug|Any CPU
		{3CAB11F5-9B07-4D17-BB00-725149087AB0}.Release|Any CPU.ActiveCfg = Release|Any CPU
		{3CAB11F5-9B07-4D17-BB00-725149087AB0}.Release|Any CPU.Build.0 = Release|Any CPU
		{3CAB11F5-9B07-4D17-BB00-725149087AB0}.Test|Any CPU.ActiveCfg = Test|Any CPU
		{3CAB11F5-9B07-4D17-BB00-725149087AB0}.Test|Any CPU.Build.0 = Test|Any CPU
		{F8823907-092C-4055-9F8E-D6756793C24A}.Debug|Any CPU.ActiveCfg = Debug|Any CPU
		{F8823907-092C-4055-9F8E-D6756793C24A}.Debug|Any CPU.Build.0 = Debug|Any CPU
		{F8823907-092C-4055-9F8E-D6756793C24A}.Release|Any CPU.ActiveCfg = Release|Any CPU
		{F8823907-092C-4055-9F8E-D6756793C24A}.Release|Any CPU.Build.0 = Release|Any CPU
		{F8823907-092C-4055-9F8E-D6756793C24A}.Test|Any CPU.ActiveCfg = Release|Any CPU
		{F8823907-092C-4055-9F8E-D6756793C24A}.Test|Any CPU.Build.0 = Release|Any CPU
		{03636C30-DA61-4307-8934-2FCC3BAC3255}.Debug|Any CPU.ActiveCfg = Debug|Any CPU
		{03636C30-DA61-4307-8934-2FCC3BAC3255}.Debug|Any CPU.Build.0 = Debug|Any CPU
		{03636C30-DA61-4307-8934-2FCC3BAC3255}.Release|Any CPU.ActiveCfg = Release|Any CPU
		{03636C30-DA61-4307-8934-2FCC3BAC3255}.Release|Any CPU.Build.0 = Release|Any CPU
		{03636C30-DA61-4307-8934-2FCC3BAC3255}.Test|Any CPU.ActiveCfg = Release|Any CPU
		{03636C30-DA61-4307-8934-2FCC3BAC3255}.Test|Any CPU.Build.0 = Release|Any CPU
		{014879B1-DDD5-4F8C-9597-6D7960912CF0}.Debug|Any CPU.ActiveCfg = Debug|Any CPU
		{014879B1-DDD5-4F8C-9597-6D7960912CF0}.Debug|Any CPU.Build.0 = Debug|Any CPU
		{014879B1-DDD5-4F8C-9597-6D7960912CF0}.Release|Any CPU.ActiveCfg = Release|Any CPU
		{014879B1-DDD5-4F8C-9597-6D7960912CF0}.Release|Any CPU.Build.0 = Release|Any CPU
		{014879B1-DDD5-4F8C-9597-6D7960912CF0}.Test|Any CPU.ActiveCfg = Release|Any CPU
		{014879B1-DDD5-4F8C-9597-6D7960912CF0}.Test|Any CPU.Build.0 = Release|Any CPU
		{5A7625F7-A162-430D-8725-318E2CFA8BDD}.Debug|Any CPU.ActiveCfg = Debug|Any CPU
		{5A7625F7-A162-430D-8725-318E2CFA8BDD}.Debug|Any CPU.Build.0 = Debug|Any CPU
		{5A7625F7-A162-430D-8725-318E2CFA8BDD}.Release|Any CPU.ActiveCfg = Release|Any CPU
		{5A7625F7-A162-430D-8725-318E2CFA8BDD}.Release|Any CPU.Build.0 = Release|Any CPU
		{5A7625F7-A162-430D-8725-318E2CFA8BDD}.Test|Any CPU.ActiveCfg = Test|Any CPU
		{5A7625F7-A162-430D-8725-318E2CFA8BDD}.Test|Any CPU.Build.0 = Test|Any CPU
	EndGlobalSection
	GlobalSection(SolutionProperties) = preSolution
		HideSolutionNode = FALSE
	EndGlobalSection
	GlobalSection(ExtensibilityGlobals) = postSolution
		SolutionGuid = {D5D09AC6-1E27-476C-BF7E-980E1640F432}
	EndGlobalSection
EndGlobal
