
Microsoft Visual Studio Solution File, Format Version 12.00
# Visual Studio 15
VisualStudioVersion = 15.0.26430.15
MinimumVisualStudioVersion = 10.0.40219.1
Project("{FAE04EC0-301F-11D3-BF4B-00C04F79EFBC}") = "Teknik", "Teknik\Teknik.csproj", "{B20317CD-76C6-4A7B-BCE1-E4BEF8E4F964}"
EndProject
Project("{2150E333-8FDC-42A3-9474-1A3956D46DE8}") = "Solution Items", "Solution Items", "{725ABF52-FD44-4682-81BB-D93598787643}"
	ProjectSection(SolutionItems) = preProject
		.editorconfig = .editorconfig
		GitVersionConfig.yaml = GitVersionConfig.yaml
		README.md = README.md
	EndProjectSection
EndProject
Project("{FAE04EC0-301F-11D3-BF4B-00C04F79EFBC}") = "ServerMaint", "ServerMaint\ServerMaint.csproj", "{E08975F9-1B84-41B0-875A-CEC9778C4F9E}"
EndProject
Project("{2150E333-8FDC-42A3-9474-1A3956D46DE8}") = "Tools", "Tools", "{783361EC-DCD6-4A34-8479-5476DF752C34}"
EndProject
Project("{FAE04EC0-301F-11D3-BF4B-00C04F79EFBC}") = "Utilities", "Utilities\Utilities\Utilities.csproj", "{F45DE6FC-3754-4954-A20A-4277362CC6C1}"
EndProject
Project("{FAE04EC0-301F-11D3-BF4B-00C04F79EFBC}") = "Logging", "Utilities\Logging\Logging.csproj", "{77E865FD-F08B-4F07-9676-BC2FDCC7244C}"
EndProject
Project("{FAE04EC0-301F-11D3-BF4B-00C04F79EFBC}") = "Piwik", "Utilities\Piwik\Piwik.csproj", "{C492C2C6-D45A-498B-84A2-6D4C8BF9DE77}"
EndProject
Project("{FAE04EC0-301F-11D3-BF4B-00C04F79EFBC}") = "Configuration", "Utilities\Configuration\Configuration.csproj", "{F0DA1B67-AF92-4B4A-8669-7E81645FF996}"
EndProject
Project("{FAE04EC0-301F-11D3-BF4B-00C04F79EFBC}") = "TeknikStreaming", "TeknikStreaming\TeknikStreaming.csproj", "{7695CE9A-A0DB-4D73-BC9B-2206481F0254}"
EndProject
Project("{2150E333-8FDC-42A3-9474-1A3956D46DE8}") = "Tests", "Tests", "{FAC9FE6E-9AA9-45AD-AA72-40DDF7DC44C6}"
EndProject
Project("{FAE04EC0-301F-11D3-BF4B-00C04F79EFBC}") = "UtilitiesTests", "UtilitiesTests\UtilitiesTests.csproj", "{88DEB506-3F7E-4B39-8264-861976DC7434}"
EndProject
Project("{FAE04EC0-301F-11D3-BF4B-00C04F79EFBC}") = "TeknikTests", "TeknikTests\TeknikTests.csproj", "{9D7A805E-2629-476E-B36A-040AD332C7DC}"
EndProject
Global
	GlobalSection(SolutionConfigurationPlatforms) = preSolution
		Debug|Any CPU = Debug|Any CPU
		Debug|x64 = Debug|x64
		Release|Any CPU = Release|Any CPU
		Release|x64 = Release|x64
	EndGlobalSection
	GlobalSection(ProjectConfigurationPlatforms) = postSolution
		{B20317CD-76C6-4A7B-BCE1-E4BEF8E4F964}.Debug|Any CPU.ActiveCfg = Debug|Any CPU
		{B20317CD-76C6-4A7B-BCE1-E4BEF8E4F964}.Debug|Any CPU.Build.0 = Debug|Any CPU
		{B20317CD-76C6-4A7B-BCE1-E4BEF8E4F964}.Debug|x64.ActiveCfg = Debug|x64
		{B20317CD-76C6-4A7B-BCE1-E4BEF8E4F964}.Debug|x64.Build.0 = Debug|x64
		{B20317CD-76C6-4A7B-BCE1-E4BEF8E4F964}.Debug|x64.Deploy.0 = Debug|x64
		{B20317CD-76C6-4A7B-BCE1-E4BEF8E4F964}.Release|Any CPU.ActiveCfg = Release|Any CPU
		{B20317CD-76C6-4A7B-BCE1-E4BEF8E4F964}.Release|Any CPU.Build.0 = Release|Any CPU
		{B20317CD-76C6-4A7B-BCE1-E4BEF8E4F964}.Release|x64.ActiveCfg = Release|x64
		{B20317CD-76C6-4A7B-BCE1-E4BEF8E4F964}.Release|x64.Build.0 = Release|x64
		{E08975F9-1B84-41B0-875A-CEC9778C4F9E}.Debug|Any CPU.ActiveCfg = Debug|Any CPU
		{E08975F9-1B84-41B0-875A-CEC9778C4F9E}.Debug|Any CPU.Build.0 = Debug|Any CPU
		{E08975F9-1B84-41B0-875A-CEC9778C4F9E}.Debug|x64.ActiveCfg = Debug|Any CPU
		{E08975F9-1B84-41B0-875A-CEC9778C4F9E}.Debug|x64.Build.0 = Debug|Any CPU
		{E08975F9-1B84-41B0-875A-CEC9778C4F9E}.Release|Any CPU.ActiveCfg = Release|Any CPU
		{E08975F9-1B84-41B0-875A-CEC9778C4F9E}.Release|Any CPU.Build.0 = Release|Any CPU
		{E08975F9-1B84-41B0-875A-CEC9778C4F9E}.Release|x64.ActiveCfg = Release|Any CPU
		{E08975F9-1B84-41B0-875A-CEC9778C4F9E}.Release|x64.Build.0 = Release|Any CPU
		{F45DE6FC-3754-4954-A20A-4277362CC6C1}.Debug|Any CPU.ActiveCfg = Debug|Any CPU
		{F45DE6FC-3754-4954-A20A-4277362CC6C1}.Debug|Any CPU.Build.0 = Debug|Any CPU
		{F45DE6FC-3754-4954-A20A-4277362CC6C1}.Debug|x64.ActiveCfg = Debug|Any CPU
		{F45DE6FC-3754-4954-A20A-4277362CC6C1}.Debug|x64.Build.0 = Debug|Any CPU
		{F45DE6FC-3754-4954-A20A-4277362CC6C1}.Release|Any CPU.ActiveCfg = Release|Any CPU
		{F45DE6FC-3754-4954-A20A-4277362CC6C1}.Release|Any CPU.Build.0 = Release|Any CPU
		{F45DE6FC-3754-4954-A20A-4277362CC6C1}.Release|x64.ActiveCfg = Release|Any CPU
		{F45DE6FC-3754-4954-A20A-4277362CC6C1}.Release|x64.Build.0 = Release|Any CPU
		{77E865FD-F08B-4F07-9676-BC2FDCC7244C}.Debug|Any CPU.ActiveCfg = Debug|Any CPU
		{77E865FD-F08B-4F07-9676-BC2FDCC7244C}.Debug|Any CPU.Build.0 = Debug|Any CPU
		{77E865FD-F08B-4F07-9676-BC2FDCC7244C}.Debug|x64.ActiveCfg = Debug|Any CPU
		{77E865FD-F08B-4F07-9676-BC2FDCC7244C}.Debug|x64.Build.0 = Debug|Any CPU
		{77E865FD-F08B-4F07-9676-BC2FDCC7244C}.Release|Any CPU.ActiveCfg = Release|Any CPU
		{77E865FD-F08B-4F07-9676-BC2FDCC7244C}.Release|Any CPU.Build.0 = Release|Any CPU
		{77E865FD-F08B-4F07-9676-BC2FDCC7244C}.Release|x64.ActiveCfg = Release|Any CPU
		{77E865FD-F08B-4F07-9676-BC2FDCC7244C}.Release|x64.Build.0 = Release|Any CPU
		{C492C2C6-D45A-498B-84A2-6D4C8BF9DE77}.Debug|Any CPU.ActiveCfg = Debug|Any CPU
		{C492C2C6-D45A-498B-84A2-6D4C8BF9DE77}.Debug|Any CPU.Build.0 = Debug|Any CPU
		{C492C2C6-D45A-498B-84A2-6D4C8BF9DE77}.Debug|x64.ActiveCfg = Debug|Any CPU
		{C492C2C6-D45A-498B-84A2-6D4C8BF9DE77}.Debug|x64.Build.0 = Debug|Any CPU
		{C492C2C6-D45A-498B-84A2-6D4C8BF9DE77}.Release|Any CPU.ActiveCfg = Release|Any CPU
		{C492C2C6-D45A-498B-84A2-6D4C8BF9DE77}.Release|Any CPU.Build.0 = Release|Any CPU
		{C492C2C6-D45A-498B-84A2-6D4C8BF9DE77}.Release|x64.ActiveCfg = Release|Any CPU
		{C492C2C6-D45A-498B-84A2-6D4C8BF9DE77}.Release|x64.Build.0 = Release|Any CPU
		{F0DA1B67-AF92-4B4A-8669-7E81645FF996}.Debug|Any CPU.ActiveCfg = Debug|Any CPU
		{F0DA1B67-AF92-4B4A-8669-7E81645FF996}.Debug|Any CPU.Build.0 = Debug|Any CPU
		{F0DA1B67-AF92-4B4A-8669-7E81645FF996}.Debug|x64.ActiveCfg = Debug|Any CPU
		{F0DA1B67-AF92-4B4A-8669-7E81645FF996}.Debug|x64.Build.0 = Debug|Any CPU
		{F0DA1B67-AF92-4B4A-8669-7E81645FF996}.Release|Any CPU.ActiveCfg = Release|Any CPU
		{F0DA1B67-AF92-4B4A-8669-7E81645FF996}.Release|Any CPU.Build.0 = Release|Any CPU
		{F0DA1B67-AF92-4B4A-8669-7E81645FF996}.Release|x64.ActiveCfg = Release|Any CPU
		{F0DA1B67-AF92-4B4A-8669-7E81645FF996}.Release|x64.Build.0 = Release|Any CPU
		{7695CE9A-A0DB-4D73-BC9B-2206481F0254}.Debug|Any CPU.ActiveCfg = Debug|Any CPU
		{7695CE9A-A0DB-4D73-BC9B-2206481F0254}.Debug|Any CPU.Build.0 = Debug|Any CPU
		{7695CE9A-A0DB-4D73-BC9B-2206481F0254}.Debug|x64.ActiveCfg = Debug|Any CPU
		{7695CE9A-A0DB-4D73-BC9B-2206481F0254}.Debug|x64.Build.0 = Debug|Any CPU
		{7695CE9A-A0DB-4D73-BC9B-2206481F0254}.Release|Any CPU.ActiveCfg = Release|Any CPU
		{7695CE9A-A0DB-4D73-BC9B-2206481F0254}.Release|Any CPU.Build.0 = Release|Any CPU
		{7695CE9A-A0DB-4D73-BC9B-2206481F0254}.Release|x64.ActiveCfg = Release|Any CPU
		{7695CE9A-A0DB-4D73-BC9B-2206481F0254}.Release|x64.Build.0 = Release|Any CPU
		{88DEB506-3F7E-4B39-8264-861976DC7434}.Debug|Any CPU.ActiveCfg = Debug|Any CPU
		{88DEB506-3F7E-4B39-8264-861976DC7434}.Debug|Any CPU.Build.0 = Debug|Any CPU
		{88DEB506-3F7E-4B39-8264-861976DC7434}.Debug|x64.ActiveCfg = Debug|Any CPU
		{88DEB506-3F7E-4B39-8264-861976DC7434}.Debug|x64.Build.0 = Debug|Any CPU
		{88DEB506-3F7E-4B39-8264-861976DC7434}.Release|Any CPU.ActiveCfg = Release|Any CPU
		{88DEB506-3F7E-4B39-8264-861976DC7434}.Release|Any CPU.Build.0 = Release|Any CPU
		{88DEB506-3F7E-4B39-8264-861976DC7434}.Release|x64.ActiveCfg = Release|Any CPU
		{88DEB506-3F7E-4B39-8264-861976DC7434}.Release|x64.Build.0 = Release|Any CPU
		{9D7A805E-2629-476E-B36A-040AD332C7DC}.Debug|Any CPU.ActiveCfg = Debug|Any CPU
		{9D7A805E-2629-476E-B36A-040AD332C7DC}.Debug|Any CPU.Build.0 = Debug|Any CPU
		{9D7A805E-2629-476E-B36A-040AD332C7DC}.Debug|x64.ActiveCfg = Debug|Any CPU
		{9D7A805E-2629-476E-B36A-040AD332C7DC}.Debug|x64.Build.0 = Debug|Any CPU
		{9D7A805E-2629-476E-B36A-040AD332C7DC}.Release|Any CPU.ActiveCfg = Release|Any CPU
		{9D7A805E-2629-476E-B36A-040AD332C7DC}.Release|Any CPU.Build.0 = Release|Any CPU
		{9D7A805E-2629-476E-B36A-040AD332C7DC}.Release|x64.ActiveCfg = Release|Any CPU
		{9D7A805E-2629-476E-B36A-040AD332C7DC}.Release|x64.Build.0 = Release|Any CPU
	EndGlobalSection
	GlobalSection(SolutionProperties) = preSolution
		HideSolutionNode = FALSE
	EndGlobalSection
	GlobalSection(NestedProjects) = preSolution
		{E08975F9-1B84-41B0-875A-CEC9778C4F9E} = {783361EC-DCD6-4A34-8479-5476DF752C34}
		{88DEB506-3F7E-4B39-8264-861976DC7434} = {FAC9FE6E-9AA9-45AD-AA72-40DDF7DC44C6}
		{9D7A805E-2629-476E-B36A-040AD332C7DC} = {FAC9FE6E-9AA9-45AD-AA72-40DDF7DC44C6}
	EndGlobalSection
EndGlobal
